# Direct wheel pins for the public YouTube extractor in Dockerfile.
# Verified from official PyPI JSON metadata on 2026-10-09; --require-hashes checks the wheel bytes.
# yt-dlp upstream: https://github.com/yt-dlp/yt-dlp
# yt-dlp-ejs upstream: https://github.com/yt-dlp/ejs (release 0.8.0)
# Deno runtime: yt-dlp metadata requires Deno >=2.6.6; pin deno=2.7.4-r2 from Alpine v3.24/community.
# The official x86_64 package page records build commit bec8b026686323b496365b825ad14fdf4473adf2;
# it does not publish a whole-APK SHA-256. The signed APKINDEX C field is SHA-1 of the control gzip stream.
# That authenticated control metadata contains .PKGINFO datahash, a SHA-256 of the payload tarball.
# Provenance: https://pkgs.alpinelinux.org/package/v3.24/community/x86_64/deno
# Checksum format: https://wiki.alpinelinux.org/wiki/Apk_spec

yt-dlp==2026.8.19 \
    --hash=sha256:1d57897e94c6665a0a6f9bc54b34e584284e32c034ffab3a7df25d8f7b24eedf
yt-dlp-ejs==0.8.0 \
    --hash=sha256:79300e5fca7f937a1eeede11f0456862c1b41107ce1d726871e0207424f4bdb4
